// !$*UTF8*$!
{
	archiveVersion = 1;
	classes = {
	};
	objectVersion = 55;
	objects = {

/* Begin PBXBuildFile section */
		423A50DF28A38DDD00510144 /* AppDelegate.swift in Sources */ = {isa = PBXBuildFile; fileRef = 423A50DE28A38DDD00510144 /* AppDelegate.swift */; };
		423A50E128A38DDD00510144 /* SceneDelegate.swift in Sources */ = {isa = PBXBuildFile; fileRef = 423A50E028A38DDD00510144 /* SceneDelegate.swift */; };
		423A50E328A38DDD00510144 /* ViewController.swift in Sources */ = {isa = PBXBuildFile; fileRef = 423A50E228A38DDD00510144 /* ViewController.swift */; };
		423A50E628A38DDD00510144 /* Main.storyboard in Resources */ = {isa = PBXBuildFile; fileRef = 423A50E428A38DDD00510144 /* Main.storyboard */; };
		423A50E828A38DDE00510144 /* Assets.xcassets in Resources */ = {isa = PBXBuildFile; fileRef = 423A50E728A38DDE00510144 /* Assets.xcassets */; };
		423A50EB28A38DDE00510144 /* LaunchScreen.storyboard in Resources */ = {isa = PBXBuildFile; fileRef = 423A50E928A38DDE00510144 /* LaunchScreen.storyboard */; };
		423A50F428A3911B00510144 /* VideoCollectionViewCell.swift in Sources */ = {isa = PBXBuildFile; fileRef = 423A50F328A3911B00510144 /* VideoCollectionViewCell.swift */; };
		423A50F628A397D000510144 /* videoplayback.mp4 in Resources */ = {isa = PBXBuildFile; fileRef = 423A50F528A397D000510144 /* videoplayback.mp4 */; };
/* End PBXBuildFile section */

/* Begin PBXFileReference section */
		423A50DB28A38DDD00510144 /* Tiktok.app */ = {isa = PBXFileReference; explicitFileType = wrapper.application; includeInIndex = 0; path = Tiktok.app; sourceTree = BUILT_PRODUCTS_DIR; };
		423A50DE28A38DDD00510144 /* AppDelegate.swift */ = {isa = PBXFileReference; lastKnownFileType = sourcecode.swift; path = AppDelegate.swift; sourceTree = "<group>"; };
		423A50E028A38DDD00510144 /* SceneDelegate.swift */ = {isa = PBXFileReference; lastKnownFileType = sourcecode.swift; path = SceneDelegate.swift; sourceTree = "<group>"; };
		423A50E228A38DDD00510144 /* ViewController.swift */ = {isa = PBXFileReference; lastKnownFileType = sourcecode.swift; path = ViewController.swift; sourceTree = "<group>"; };
		423A50E528A38DDD00510144 /* Base */ = {isa = PBXFileReference; lastKnownFileType = file.storyboard; name = Base; path = Base.lproj/Main.storyboard; sourceTree = "<group>"; };
		423A50E728A38DDE00510144 /* Assets.xcassets */ = {isa = PBXFileReference; lastKnownFileType = folder.assetcatalog; path = Assets.xcassets; sourceTree = "<group>"; };
		423A50EA28A38DDE00510144 /* Base */ = {isa = PBXFileReference; lastKnownFileType = file.storyboard; name = Base; path = Base.lproj/LaunchScreen.storyboard; sourceTree = "<group>"; };
		423A50EC28A38DDE00510144 /* Info.plist */ = {isa = PBXFileReference; lastKnownFileType = text.plist.xml; path = Info.plist; sourceTree = "<group>"; };
		423A50F328A3911B00510144 /* VideoCollectionViewCell.swift */ = {isa = PBXFileReference; lastKnownFileType = sourcecode.swift; path = VideoCollectionViewCell.swift; sourceTree = "<group>"; };
		423A50F528A397D000510144 /* videoplayback.mp4 */ = {isa = PBXFileReference; lastKnownFileType = file; path = videoplayback.mp4; sourceTree = "<group>"; };
/* End PBXFileReference section */

/* Begin PBXFrameworksBuildPhase section */
		423A50D828A38DDD00510144 /* Frameworks */ = {
			isa = PBXFrameworksBuildPhase;
			buildActionMask = 2147483647;
			files = (
			);
			runOnlyForDeploymentPostprocessing = 0;
		};
/* End PBXFrameworksBuildPhase section */

/* Begin PBXGroup section */
		423A50D228A38DDD00510144 = {
			isa = PBXGroup;
			children = (
				423A50DD28A38DDD00510144 /* Tiktok */,
				423A50DC28A38DDD00510144 /* Products */,
			);
			sourceTree = "<group>";
		};
		423A50DC28A38DDD00510144 /* Products */ = {
			isa = PBXGroup;
			children = (
				423A50DB28A38DDD00510144 /* Tiktok.app */,
			);
			name = Products;
			sourceTree = "<group>";
		};
		423A50DD28A38DDD00510144 /* Tiktok */ = {
			isa = PBXGroup;
			children = (
				423A50F528A397D000510144 /* videoplayback.mp4 */,
				423A50DE28A38DDD00510144 /* AppDelegate.swift */,
				423A50E028A38DDD00510144 /* SceneDelegate.swift */,
				423A50E228A38DDD00510144 /* ViewController.swift */,
				423A50F328A3911B00510144 /* VideoCollectionViewCell.swift */,
				423A50E428A38DDD00510144 /* Main.storyboard */,
				423A50E728A38DDE00510144 /* Assets.xcassets */,
				423A50E928A38DDE00510144 /* LaunchScreen.storyboard */,
				423A50EC28A38DDE00510144 /* Info.plist */,
			);
			path = Tiktok;
			sourceTree = "<group>";
		};
/* End PBXGroup section */

/* Begin PBXNativeTarget section */
		423A50DA28A38DDD00510144 /* Tiktok */ = {
			isa = PBXNativeTarget;
			buildConfigurationList = 423A50EF28A38DDE00510144 /* Build configuration list for PBXNativeTarget "Tiktok" */;
			buildPhases = (
				423A50D728A38DDD00510144 /* Sources */,
				423A50D828A38DDD00510144 /* Frameworks */,
				423A50D928A38DDD00510144 /* Resources */,
			);
			buildRules = (
			);
			dependencies = (
			);
			name = Tiktok;
			productName = Tiktok;
			productReference = 423A50DB28A38DDD00510144 /* Tiktok.app */;
			productType = "com.apple.product-type.application";
		};
/* End PBXNativeTarget section */

/* Begin PBXProject section */
		423A50D328A38DDD00510144 /* Project object */ = {
			isa = PBXProject;
			attributes = {
				BuildIndependentTargetsInParallel = 1;
				LastSwiftUpdateCheck = 1330;
				LastUpgradeCheck = 1330;
				TargetAttributes = {
					423A50DA28A38DDD00510144 = {
						CreatedOnToolsVersion = 13.3;
					};
				};
			};
			buildConfigurationList = 423A50D628A38DDD00510144 /* Build configuration list for PBXProject "Tiktok" */;
			compatibilityVersion = "Xcode 13.0";
			developmentRegion = en;
			hasScannedForEncodings = 0;
			knownRegions = (
				en,
				Base,
			);
			mainGroup = 423A50D228A38DDD00510144;
			productRefGroup = 423A50DC28A38DDD00510144 /* Products */;
			projectDirPath = "";
			projectRoot = "";
			targets = (
				423A50DA28A38DDD00510144 /* Tiktok */,
			);
		};
/* End PBXProject section */

/* Begin PBXResourcesBuildPhase section */
		423A50D928A38DDD00510144 /* Resources */ = {
			isa = PBXResourcesBuildPhase;
			buildActionMask = 2147483647;
			files = (
				423A50EB28A38DDE00510144 /* LaunchScreen.storyboard in Resources */,
				423A50E828A38DDE00510144 /* Assets.xcassets in Resources */,
				423A50F628A397D000510144 /* videoplayback.mp4 in Resources */,
				423A50E628A38DDD00510144 /* Main.storyboard in Resources */,
			);
			runOnlyForDeploymentPostprocessing = 0;
		};
/* End PBXResourcesBuildPhase section */

/* Begin PBXSourcesBuildPhase section */
		423A50D728A38DDD00510144 /* Sources */ = {
			isa = PBXSourcesBuildPhase;
			buildActionMask = 2147483647;
			files = (
				423A50E328A38DDD00510144 /* ViewController.swift in Sources */,
				423A50DF28A38DDD00510144 /* AppDelegate.swift in Sources */,
				423A50F428A3911B00510144 /* VideoCollectionViewCell.swift in Sources */,
				423A50E128A38DDD00510144 /* SceneDelegate.swift in Sources */,
			);
			runOnlyForDeploymentPostprocessing = 0;
		};
/* End PBXSourcesBuildPhase section */

/* Begin PBXVariantGroup section */
		423A50E428A38DDD00510144 /* Main.storyboard */ = {
			isa = PBXVariantGroup;
			children = (
				423A50E528A38DDD00510144 /* Base */,
			);
			name = Main.storyboard;
			sourceTree = "<group>";
		};
		423A50E928A38DDE00510144 /* LaunchScreen.storyboard */ = {
			isa = PBXVariantGroup;
			children = (
				423A50EA28A38DDE00510144 /* Base */,
			);
			name = LaunchScreen.storyboard;
			sourceTree = "<group>";
		};
/* End PBXVariantGroup section */

/* Begin XCBuildConfiguration section */
		423A50ED28A38DDE00510144 /* Debug */ = {
			isa = XCBuildConfiguration;
			buildSettings = {
				ALWAYS_SEARCH_USER_PATHS = NO;
				CLANG_ANALYZER_NONNULL = YES;
				CLANG_ANALYZER_NUMBER_OBJECT_CONVERSION = YES_AGGRESSIVE;
				CLANG_CXX_LANGUAGE_STANDARD = "gnu++17";
				CLANG_ENABLE_MODULES = YES;
				CLANG_ENABLE_OBJC_ARC = YES;
				CLANG_ENABLE_OBJC_WEAK = YES;
				CLANG_WARN_BLOCK_CAPTURE_AUTORELEASING = YES;
				CLANG_WARN_BOOL_CONVERSION = YES;
				CLANG_WARN_COMMA = YES;
				CLANG_WARN_CONSTANT_CONVERSION = YES;
				CLANG_WARN_DEPRECATED_OBJC_IMPLEMENTATIONS = YES;
				CLANG_WARN_DIRECT_OBJC_ISA_USAGE = YES_ERROR;
				CLANG_WARN_DOCUMENTATION_COMMENTS = YES;
				CLANG_WARN_EMPTY_BODY = YES;
				CLANG_WARN_ENUM_CONVERSION = YES;
				CLANG_WARN_INFINITE_RECURSION = YES;
				CLANG_WARN_INT_CONVERSION = YES;
				CLANG_WARN_NON_LITERAL_NULL_CONVERSION = YES;
				CLANG_WARN_OBJC_IMPLICIT_RETAIN_SELF = YES;
				CLANG_WARN_OBJC_LITERAL_CONVERSION = YES;
				CLANG_WARN_OBJC_ROOT_CLASS = YES_ERROR;
				CLANG_WARN_QUOTED_INCLUDE_IN_FRAMEWORK_HEADER = YES;
				CLANG_WARN_RANGE_LOOP_ANALYSIS = YES;
				CLANG_WARN_STRICT_PROTOTYPES = YES;
				CLANG_WARN_SUSPICIOUS_MOVE = YES;
				CLANG_WARN_UNGUARDED_AVAILABILITY = YES_AGGRESSIVE;
				CLANG_WARN_UNREACHABLE_CODE = YES;
				CLANG_WARN__DUPLICATE_METHOD_MATCH = YES;
				COPY_PHASE_STRIP = NO;
				DEBUG_INFORMATION_FORMAT = dwarf;
				ENABLE_STRICT_OBJC_MSGSEND = YES;
				ENABLE_TESTABILITY = YES;
				GCC_C_LANGUAGE_STANDARD = gnu11;
				GCC_DYNAMIC_NO_PIC = NO;
				GCC_NO_COMMON_BLOCKS = YES;
				GCC_OPTIMIZATION_LEVEL = 0;
				GCC_PREPROCESSOR_DEFINITIONS = (
					"DEBUG=1",
					"$(inherited)",
				);
				GCC_WARN_64_TO_32_BIT_CONVERSION = YES;
				GCC_WARN_ABOUT_RETURN_TYPE = YES_ERROR;
				GCC_WARN_UNDECLARED_SELECTOR = YES;
				GCC_WARN_UNINITIALIZED_AUTOS = YES_AGGRESSIVE;
				GCC_WARN_UNUSED_FUNCTION = YES;
				GCC_WARN_UNUSED_VARIABLE = YES;
				IPHONEOS_DEPLOYMENT_TARGET = 15.4;
				MTL_ENABLE_DEBUG_INFO = INCLUDE_SOURCE;
				MTL_FAST_MATH = YES;
				ONLY_ACTIVE_ARCH = YES;
				SDKROOT = iphoneos;
				SWIFT_ACTIVE_COMPILATION_CONDITIONS = DEBUG;
				SWIFT_OPTIMIZATION_LEVEL = "-Onone";
			};
			name = Debug;
		};
		423A50EE28A38DDE00510144 /* Release */ = {
			isa = XCBuildConfiguration;
			buildSettings = {
				ALWAYS_SEARCH_USER_PATHS = NO;
				CLANG_ANALYZER_NONNULL = YES;
				CLANG_ANALYZER_NUMBER_OBJECT_CONVERSION = YES_AGGRESSIVE;
				CLANG_CXX_LANGUAGE_STANDARD = "gnu++17";
				CLANG_ENABLE_MODULES = YES;
				CLANG_ENABLE_OBJC_ARC = YES;
				CLANG_ENABLE_OBJC_WEAK = YES;
				CLANG_WARN_BLOCK_CAPTURE_AUTORELEASING = YES;
				CLANG_WARN_BOOL_CONVERSION = YES;
				CLANG_WARN_COMMA = YES;
				CLANG_WARN_CONSTANT_CONVERSION = YES;
				CLANG_WARN_DEPRECATED_OBJC_IMPLEMENTATIONS = YES;
				CLANG_WARN_DIRECT_OBJC_ISA_USAGE = YES_ERROR;
				CLANG_WARN_DOCUMENTATION_COMMENTS = YES;
				CLANG_WARN_EMPTY_BODY = YES;
				CLANG_WARN_ENUM_CONVERSION = YES;
				CLANG_WARN_INFINITE_RECURSION = YES;
				CLANG_WARN_INT_CONVERSION = YES;
				CLANG_WARN_NON_LITERAL_NULL_CONVERSION = YES;
				CLANG_WARN_OBJC_IMPLICIT_RETAIN_SELF = YES;
				CLANG_WARN_OBJC_LITERAL_CONVERSION = YES;
				CLANG_WARN_OBJC_ROOT_CLASS = YES_ERROR;
				CLANG_WARN_QUOTED_INCLUDE_IN_FRAMEWORK_HEADER = YES;
				CLANG_WARN_RANGE_LOOP_ANALYSIS = YES;
				CLANG_WARN_STRICT_PROTOTYPES = YES;
				CLANG_WARN_SUSPICIOUS_MOVE = YES;
				CLANG_WARN_UNGUARDED_AVAILABILITY = YES_AGGRESSIVE;
				CLANG_WARN_UNREACHABLE_CODE = YES;
				CLANG_WARN__DUPLICATE_METHOD_MATCH = YES;
				COPY_PHASE_STRIP = NO;
				DEBUG_INFORMATION_FORMAT = "dwarf-with-dsym";
				ENABLE_NS_ASSERTIONS = NO;
				ENABLE_STRICT_OBJC_MSGSEND = YES;
				GCC_C_LANGUAGE_STANDARD = gnu11;
				GCC_NO_COMMON_BLOCKS = YES;
				GCC_WARN_64_TO_32_BIT_CONVERSION = YES;
				GCC_WARN_ABOUT_RETURN_TYPE = YES_ERROR;
				GCC_WARN_UNDECLARED_SELECTOR = YES;
				GCC_WARN_UNINITIALIZED_AUTOS = YES_AGGRESSIVE;
				GCC_WARN_UNUSED_FUNCTION = YES;
				GCC_WARN_UNUSED_VARIABLE = YES;
				IPHONEOS_DEPLOYMENT_TARGET = 15.4;
				MTL_ENABLE_DEBUG_INFO = NO;
				MTL_FAST_MATH = YES;
				SDKROOT = iphoneos;
				SWIFT_COMPILATION_MODE = wholemodule;
				SWIFT_OPTIMIZATION_LEVEL = "-O";
				VALIDATE_PRODUCT = YES;
			};
			name = Release;
		};
		423A50F028A38DDE00510144 /* Debug */ = {
			isa = XCBuildConfiguration;
			buildSettings = {
				ASSETCATALOG_COMPILER_APPICON_NAME = AppIcon;
				ASSETCATALOG_COMPILER_GLOBAL_ACCENT_COLOR_NAME = AccentColor;
				CODE_SIGN_STYLE = Automatic;
				CURRENT_PROJECT_VERSION = 1;
				DEVELOPMENT_TEAM = 7ZBHT89JPN;
				GENERATE_INFOPLIST_FILE = YES;
				INFOPLIST_FILE = Tiktok/Info.plist;
				INFOPLIST_KEY_UIApplicationSupportsIndirectInputEvents = YES;
				INFOPLIST_KEY_UILaunchStoryboardName = LaunchScreen;
				INFOPLIST_KEY_UIMainStoryboardFile = Main;
				INFOPLIST_KEY_UISupportedInterfaceOrientations_iPad = "UIInterfaceOrientationPortrait UIInterfaceOrientationPortraitUpsideDown UIInterfaceOrientationLandscapeLeft UIInterfaceOrientationLandscapeRight";
				INFOPLIST_KEY_UISupportedInterfaceOrientations_iPhone = "UIInterfaceOrientationPortrait UIInterfaceOrientationLandscapeLeft UIInterfaceOrientationLandscapeRight";
				IPHONEOS_DEPLOYMENT_TARGET = 13.0;
				LD_RUNPATH_SEARCH_PATHS = (
					"$(inherited)",
					"@executable_path/Frameworks",
				);
				MARKETING_VERSION = 1.0;
				PRODUCT_BUNDLE_IDENTIFIER = com.jervygu.Tiktok;
				PRODUCT_NAME = "$(TARGET_NAME)";
				SWIFT_EMIT_LOC_STRINGS = YES;
				SWIFT_VERSION = 5.0;
				TARGETED_DEVICE_FAMILY = "1,2";
			};
			name = Debug;
		};
		423A50F128A38DDE00510144 /* Release */ = {
			isa = XCBuildConfiguration;
			buildSettings = {
				ASSETCATALOG_COMPILER_APPICON_NAME = AppIcon;
				ASSETCATALOG_COMPILER_GLOBAL_ACCENT_COLOR_NAME = AccentColor;
				CODE_SIGN_STYLE = Automatic;
				CURRENT_PROJECT_VERSION = 1;
				DEVELOPMENT_TEAM = 7ZBHT89JPN;
				GENERATE_INFOPLIST_FILE = YES;
				INFOPLIST_FILE = Tiktok/Info.plist;
				INFOPLIST_KEY_UIApplicationSupportsIndirectInputEvents = YES;
				INFOPLIST_KEY_UILaunchStoryboardName = LaunchScreen;
				INFOPLIST_KEY_UIMainStoryboardFile = Main;
				INFOPLIST_KEY_UISupportedInterfaceOrientations_iPad = "UIInterfaceOrientationPortrait UIInterfaceOrientationPortraitUpsideDown UIInterfaceOrientationLandscapeLeft UIInterfaceOrientationLandscapeRight";
				INFOPLIST_KEY_UISupportedInterfaceOrientations_iPhone = "UIInterfaceOrientationPortrait UIInterfaceOrientationLandscapeLeft UIInterfaceOrientationLandscapeRight";
				IPHONEOS_DEPLOYMENT_TARGET = 13.0;
				LD_RUNPATH_SEARCH_PATHS = (
					"$(inherited)",
					"@executable_path/Frameworks",
				);
				MARKETING_VERSION = 1.0;
				PRODUCT_BUNDLE_IDENTIFIER = com.jervygu.Tiktok;
				PRODUCT_NAME = "$(TARGET_NAME)";
				SWIFT_EMIT_LOC_STRINGS = YES;
				SWIFT_VERSION = 5.0;
				TARGETED_DEVICE_FAMILY = "1,2";
			};
			name = Release;
		};
/* End XCBuildConfiguration section */

/* Begin XCConfigurationList section */
		423A50D628A38DDD00510144 /* Build configuration list for PBXProject "Tiktok" */ = {
			isa = XCConfigurationList;
			buildConfigurations = (
				423A50ED28A38DDE00510144 /* Debug */,
				423A50EE28A38DDE00510144 /* Release */,
			);
			defaultConfigurationIsVisible = 0;
			defaultConfigurationName = Release;
		};
		423A50EF28A38DDE00510144 /* Build configuration list for PBXNativeTarget "Tiktok" */ = {
			isa = XCConfigurationList;
			buildConfigurations = (
				423A50F028A38DDE00510144 /* Debug */,
				423A50F128A38DDE00510144 /* Release */,
			);
			defaultConfigurationIsVisible = 0;
			defaultConfigurationName = Release;
		};
/* End XCConfigurationList section */
	};
	rootObject = 423A50D328A38DDD00510144 /* Project object */;
}
